
Microsoft Visual Studio Solution File, Format Version 12.00
# Visual Studio Version 16
VisualStudioVersion = 16.0.31205.134
MinimumVisualStudioVersion = 10.0.40219.1
Project("{FAE04EC0-301F-11D3-BF4B-00C04F79EFBC}") = "Entities", "Entities\Entities.csproj", "{7B8D2EED-7C66-4DDA-B41A-354C4316495B}"
EndProject
Project("{FAE04EC0-301F-11D3-BF4B-00C04F79EFBC}") = "DataAccess", "DataAccess\DataAccess.csproj", "{91244A60-2951-4249-8A6A-39F7C14816E2}"
EndProject
Project("{FAE04EC0-301F-11D3-BF4B-00C04F79EFBC}") = "Business", "Business\Business.csproj", "{42A38053-A9FC-4996-AA82-DC435CB96D1F}"
EndProject
Project("{FAE04EC0-301F-11D3-BF4B-00C04F79EFBC}") = "Core", "Core\Core.csproj", "{3C491653-374B-4EB9-A571-B2D55171F86A}"
EndProject
Project("{FAE04EC0-301F-11D3-BF4B-00C04F79EFBC}") = "WebAPI", "WebAPI\WebAPI.csproj", "{10275369-71E4-42BE-B6F7-F802637008AE}"
EndProject
Global
	GlobalSection(SolutionConfigurationPlatforms) = preSolution
		Debug|Any CPU = Debug|Any CPU
		Release|Any CPU = Release|Any CPU
	EndGlobalSection
	GlobalSection(ProjectConfigurationPlatforms) = postSolution
		{7B8D2EED-7C66-4DDA-B41A-354C4316495B}.Debug|Any CPU.ActiveCfg = Debug|Any CPU
		{7B8D2EED-7C66-4DDA-B41A-354C4316495B}.Debug|Any CPU.Build.0 = Debug|Any CPU
		{7B8D2EED-7C66-4DDA-B41A-354C4316495B}.Release|Any CPU.ActiveCfg = Release|Any CPU
		{7B8D2EED-7C66-4DDA-B41A-354C4316495B}.Release|Any CPU.Build.0 = Release|Any CPU
		{91244A60-2951-4249-8A6A-39F7C14816E2}.Debug|Any CPU.ActiveCfg = Debug|Any CPU
		{91244A60-2951-4249-8A6A-39F7C14816E2}.Debug|Any CPU.Build.0 = Debug|Any CPU
		{91244A60-2951-4249-8A6A-39F7C14816E2}.Release|Any CPU.ActiveCfg = Release|Any CPU
		{91244A60-2951-4249-8A6A-39F7C14816E2}.Release|Any CPU.Build.0 = Release|Any CPU
		{42A38053-A9FC-4996-AA82-DC435CB96D1F}.Debug|Any CPU.ActiveCfg = Debug|Any CPU
		{42A38053-A9FC-4996-AA82-DC435CB96D1F}.Debug|Any CPU.Build.0 = Debug|Any CPU
		{42A38053-A9FC-4996-AA82-DC435CB96D1F}.Release|Any CPU.ActiveCfg = Release|Any CPU
		{42A38053-A9FC-4996-AA82-DC435CB96D1F}.Release|Any CPU.Build.0 = Release|Any CPU
		{3C491653-374B-4EB9-A571-B2D55171F86A}.Debug|Any CPU.ActiveCfg = Debug|Any CPU
		{3C491653-374B-4EB9-A571-B2D55171F86A}.Debug|Any CPU.Build.0 = Debug|Any CPU
		{3C491653-374B-4EB9-A571-B2D55171F86A}.Release|Any CPU.ActiveCfg = Release|Any CPU
		{3C491653-374B-4EB9-A571-B2D55171F86A}.Release|Any CPU.Build.0 = Release|Any CPU
		{10275369-71E4-42BE-B6F7-F802637008AE}.Debug|Any CPU.ActiveCfg = Debug|Any CPU
		{10275369-71E4-42BE-B6F7-F802637008AE}.Debug|Any CPU.Build.0 = Debug|Any CPU
		{10275369-71E4-42BE-B6F7-F802637008AE}.Release|Any CPU.ActiveCfg = Release|Any CPU
		{10275369-71E4-42BE-B6F7-F802637008AE}.Release|Any CPU.Build.0 = Release|Any CPU
	EndGlobalSection
	GlobalSection(SolutionProperties) = preSolution
		HideSolutionNode = FALSE
	EndGlobalSection
	GlobalSection(ExtensibilityGlobals) = postSolution
		SolutionGuid = {27E3D0EE-9AA0-45D5-ACD2-6FFFB3DDA59A}
	EndGlobalSection
EndGlobal
